
Microsoft Visual Studio Solution File, Format Version 12.00
# Visual Studio 15
VisualStudioVersion = 15.0.27130.2036
MinimumVisualStudioVersion = 10.0.40219.1
Project("{FAE04EC0-301F-11D3-BF4B-00C04F79EFBC}") = "LogisticEngine", "LogisticEngine\LogisticEngine.csproj", "{46A5EE74-DEE3-410F-ADF2-AA8270520956}"
EndProject
Project("{FAE04EC0-301F-11D3-BF4B-00C04F79EFBC}") = "LogisticEngine.Tests", "LogisticEngine.Tests\LogisticEngine.Tests.csproj", "{A4FA4853-17C8-4B79-AF36-8D58FB1CB9EE}"
EndProject
Project("{FAE04EC0-301F-11D3-BF4B-00C04F79EFBC}") = "LogisticEngine.DBAccess", "LogisticEngine.DBAccess\LogisticEngine.DBAccess.csproj", "{C3D6025D-713A-4F7A-801F-3EC5F6A67783}"
EndProject
Project("{FAE04EC0-301F-11D3-BF4B-00C04F79EFBC}") = "LogisticEngine.Repository", "LogisticEngine.Repository\LogisticEngine.Repository.csproj", "{E522ED5C-379B-4437-B3E0-4B4F631B6A87}"
EndProject
Project("{FAE04EC0-301F-11D3-BF4B-00C04F79EFBC}") = "LogisticEngine.Model", "LogisticEngine.Model\LogisticEngine.Model.csproj", "{ECCCDF7C-2D6C-45C5-8EDD-B629B9D07D1E}"
EndProject
Global
	GlobalSection(SolutionConfigurationPlatforms) = preSolution
		Debug|Any CPU = Debug|Any CPU
		Release|Any CPU = Release|Any CPU
	EndGlobalSection
	GlobalSection(ProjectConfigurationPlatforms) = postSolution
		{46A5EE74-DEE3-410F-ADF2-AA8270520956}.Debug|Any CPU.ActiveCfg = Debug|Any CPU
		{46A5EE74-DEE3-410F-ADF2-AA8270520956}.Debug|Any CPU.Build.0 = Debug|Any CPU
		{46A5EE74-DEE3-410F-ADF2-AA8270520956}.Release|Any CPU.ActiveCfg = Release|Any CPU
		{46A5EE74-DEE3-410F-ADF2-AA8270520956}.Release|Any CPU.Build.0 = Release|Any CPU
		{A4FA4853-17C8-4B79-AF36-8D58FB1CB9EE}.Debug|Any CPU.ActiveCfg = Debug|Any CPU
		{A4FA4853-17C8-4B79-AF36-8D58FB1CB9EE}.Debug|Any CPU.Build.0 = Debug|Any CPU
		{A4FA4853-17C8-4B79-AF36-8D58FB1CB9EE}.Release|Any CPU.ActiveCfg = Release|Any CPU
		{A4FA4853-17C8-4B79-AF36-8D58FB1CB9EE}.Release|Any CPU.Build.0 = Release|Any CPU
		{C3D6025D-713A-4F7A-801F-3EC5F6A67783}.Debug|Any CPU.ActiveCfg = Debug|Any CPU
		{C3D6025D-713A-4F7A-801F-3EC5F6A67783}.Debug|Any CPU.Build.0 = Debug|Any CPU
		{C3D6025D-713A-4F7A-801F-3EC5F6A67783}.Release|Any CPU.ActiveCfg = Release|Any CPU
		{C3D6025D-713A-4F7A-801F-3EC5F6A67783}.Release|Any CPU.Build.0 = Release|Any CPU
		{E522ED5C-379B-4437-B3E0-4B4F631B6A87}.Debug|Any CPU.ActiveCfg = Debug|Any CPU
		{E522ED5C-379B-4437-B3E0-4B4F631B6A87}.Debug|Any CPU.Build.0 = Debug|Any CPU
		{E522ED5C-379B-4437-B3E0-4B4F631B6A87}.Release|Any CPU.ActiveCfg = Release|Any CPU
		{E522ED5C-379B-4437-B3E0-4B4F631B6A87}.Release|Any CPU.Build.0 = Release|Any CPU
		{ECCCDF7C-2D6C-45C5-8EDD-B629B9D07D1E}.Debug|Any CPU.ActiveCfg = Debug|Any CPU
		{ECCCDF7C-2D6C-45C5-8EDD-B629B9D07D1E}.Debug|Any CPU.Build.0 = Debug|Any CPU
		{ECCCDF7C-2D6C-45C5-8EDD-B629B9D07D1E}.Release|Any CPU.ActiveCfg = Release|Any CPU
		{ECCCDF7C-2D6C-45C5-8EDD-B629B9D07D1E}.Release|Any CPU.Build.0 = Release|Any CPU
	EndGlobalSection
	GlobalSection(SolutionProperties) = preSolution
		HideSolutionNode = FALSE
	EndGlobalSection
	GlobalSection(ExtensibilityGlobals) = postSolution
		SolutionGuid = {4470F738-A794-4898-A0AC-8590358341F9}
	EndGlobalSection
EndGlobal
